# THIS IS AN AUTOGENERATED FILE. DO NOT EDIT THIS FILE DIRECTLY.
# yarn lockfile v1


"@swc/helpers@^0.3.8":
  version "0.3.8"
  resolved "https://registry.yarnpkg.com/@swc/helpers/-/helpers-0.3.8.tgz#5b9ecf4ee480ca00f1ffbc2d1a5d4eed0d1afe81"
  integrity sha512-aWItSZvJj4+GI6FWkjZR13xPNPctq2RRakzo+O6vN7bC2yjwdg5EFpgaSAUn95b7BGSgcflvzVDPoKmJv24IOg==

typescript@^4.9.4:
  version "4.9.5"
  resolved "https://registry.yarnpkg.com/typescript/-/typescript-4.9.5.tgz#095979f9bcc0d09da324d58d03ce8f8374cbe65a"
  integrity sha512-1FXk9E2Hm+QzZQ7z+McJiHL4NW1F2EzMu9Nq9i3zAaGqibafqYwCVU6WyWAuyQRRzOlxou8xZSyXLEN8oKj24g==
